
Microsoft Visual Studio Solution File, Format Version 12.00
# Visual Studio Version 17
VisualStudioVersion = 17.12.35707.178
MinimumVisualStudioVersion = 10.0.40219.1
Project("{FAE04EC0-301F-11D3-BF4B-00C04F79EFBC}") = "ClientWebApp", "WebApplication1\ClientWebApp.csproj", "{E6FE0A0F-88A3-4351-9445-CA50CEB9A598}"
EndProject
Project("{FAE04EC0-301F-11D3-BF4B-00C04F79EFBC}") = "DDMLib", "DDMLib\DDMLib.csproj", "{DABB27A7-390A-4A79-A713-88C990A717C5}"
EndProject
Project("{FAE04EC0-301F-11D3-BF4B-00C04F79EFBC}") = "DDMTests", "DDMTests\DDMTests.csproj", "{64FD044D-9C7C-4F8F-80EF-7FD2563243F9}"
EndProject
Project("{FAE04EC0-301F-11D3-BF4B-00C04F79EFBC}") = "AdminAppWpf", "AdminAppWpf\AdminAppWpf.csproj", "{712358FC-ED45-42E4-8446-F4DAE0422E85}"
EndProject
Global
	GlobalSection(SolutionConfigurationPlatforms) = preSolution
		Debug|Any CPU = Debug|Any CPU
		Release|Any CPU = Release|Any CPU
	EndGlobalSection
	GlobalSection(ProjectConfigurationPlatforms) = postSolution
		{E6FE0A0F-88A3-4351-9445-CA50CEB9A598}.Debug|Any CPU.ActiveCfg = Debug|Any CPU
		{E6FE0A0F-88A3-4351-9445-CA50CEB9A598}.Debug|Any CPU.Build.0 = Debug|Any CPU
		{E6FE0A0F-88A3-4351-9445-CA50CEB9A598}.Release|Any CPU.ActiveCfg = Release|Any CPU
		{E6FE0A0F-88A3-4351-9445-CA50CEB9A598}.Release|Any CPU.Build.0 = Release|Any CPU
		{DABB27A7-390A-4A79-A713-88C990A717C5}.Debug|Any CPU.ActiveCfg = Debug|Any CPU
		{DABB27A7-390A-4A79-A713-88C990A717C5}.Debug|Any CPU.Build.0 = Debug|Any CPU
		{DABB27A7-390A-4A79-A713-88C990A717C5}.Release|Any CPU.ActiveCfg = Release|Any CPU
		{DABB27A7-390A-4A79-A713-88C990A717C5}.Release|Any CPU.Build.0 = Release|Any CPU
		{64FD044D-9C7C-4F8F-80EF-7FD2563243F9}.Debug|Any CPU.ActiveCfg = Debug|Any CPU
		{64FD044D-9C7C-4F8F-80EF-7FD2563243F9}.Debug|Any CPU.Build.0 = Debug|Any CPU
		{64FD044D-9C7C-4F8F-80EF-7FD2563243F9}.Release|Any CPU.ActiveCfg = Release|Any CPU
		{64FD044D-9C7C-4F8F-80EF-7FD2563243F9}.Release|Any CPU.Build.0 = Release|Any CPU
		{712358FC-ED45-42E4-8446-F4DAE0422E85}.Debug|Any CPU.ActiveCfg = Debug|Any CPU
		{712358FC-ED45-42E4-8446-F4DAE0422E85}.Debug|Any CPU.Build.0 = Debug|Any CPU
		{712358FC-ED45-42E4-8446-F4DAE0422E85}.Release|Any CPU.ActiveCfg = Release|Any CPU
		{712358FC-ED45-42E4-8446-F4DAE0422E85}.Release|Any CPU.Build.0 = Release|Any CPU
	EndGlobalSection
	GlobalSection(SolutionProperties) = preSolution
		HideSolutionNode = FALSE
	EndGlobalSection
	GlobalSection(ExtensibilityGlobals) = postSolution
		SolutionGuid = {B7F79FBF-601F-4676-8497-980D31154333}
	EndGlobalSection
EndGlobal
